
Microsoft Visual Studio Solution File, Format Version 12.00
# Visual Studio Version 16
VisualStudioVersion = 16.0.35026.282
MinimumVisualStudioVersion = 10.0.40219.1
Project("{FAE04EC0-301F-11D3-BF4B-00C04F79EFBC}") = "Pattern_challenge", "Pattern_challenge.csproj", "{B1B134F4-5ADB-46C4-B774-C0FF29762150}"
EndProject
Global
	GlobalSection(SolutionConfigurationPlatforms) = preSolution
		Debug|Any CPU = Debug|Any CPU
		Release|Any CPU = Release|Any CPU
	EndGlobalSection
	GlobalSection(ProjectConfigurationPlatforms) = postSolution
		{B1B134F4-5ADB-46C4-B774-C0FF29762150}.Debug|Any CPU.ActiveCfg = Debug|Any CPU
		{B1B134F4-5ADB-46C4-B774-C0FF29762150}.Debug|Any CPU.Build.0 = Debug|Any CPU
		{B1B134F4-5ADB-46C4-B774-C0FF29762150}.Release|Any CPU.ActiveCfg = Release|Any CPU
		{B1B134F4-5ADB-46C4-B774-C0FF29762150}.Release|Any CPU.Build.0 = Release|Any CPU
	EndGlobalSection
	GlobalSection(SolutionProperties) = preSolution
		HideSolutionNode = FALSE
	EndGlobalSection
	GlobalSection(ExtensibilityGlobals) = postSolution
		SolutionGuid = {6655B6E9-505E-4839-B9FC-6BB05A514963}
	EndGlobalSection
EndGlobal
